{
  "version": "5",
  "specifiers": {
    "npm:@mikro-orm/core@^7.2.1": "7.2.1",
    "npm:@mikro-orm/decorators@^7.2.1": "7.2.1_@mikro-orm+core@7.2.1",
    "npm:uuid@^14.0.2": "14.0.2"
  },
  "npm": {
    "@mikro-orm/core@7.2.1": {
      "integrity": "sha512-+gtJoScbin/C3wPItSZkj5vlMTq/LphBLIxHyi5brCbeA6VDcYuoMopiqoFUMQxdhXXrZlKNIHXGrhb8r3biVg=="
    },
    "@mikro-orm/decorators@7.2.1_@mikro-orm+core@7.2.1": {
      "integrity": "sha512-qdBoFBYWVwYfKl4aqi/gksr/SdT+2Me0kIew1MmWp6fWeeP5V5qPKSb1ZQW6RR4z+Df+DuFcbyBt6qm4n9Ltbg==",
      "dependencies": [
        "@mikro-orm/core"
      ]
    },
    "uuid@14.0.2": {
      "integrity": "sha512-xZe/16rV4aa+HGSOCiY2YeLT1OybRLrrkL/Rqaq7p7GMVXjFh+6wN4oMYgjFmnSnhY8t6Xpdl2l9qmnHYuMHwQ==",
      "bin": true
    }
  },
  "workspace": {
    "dependencies": [
      "jsr:@std/assert@1",
      "npm:@mikro-orm/core@^7.2.1",
      "npm:@mikro-orm/decorators@^7.2.1",
      "npm:@mikro-orm/mongodb@^7.2.1",
      "npm:@mikro-orm/postgresql@^7.2.1",
      "npm:reflect-metadata@~0.2.2",
      "npm:uuid@^14.0.2"
    ]
  }
}
